
Microsoft Visual Studio Solution File, Format Version 12.00
# Visual Studio Version 17
VisualStudioVersion = 17.14.36518.9 d17.14
MinimumVisualStudioVersion = 10.0.40219.1
Project("{FAE04EC0-301F-11D3-BF4B-00C04F79EFBC}") = "TmdbAppApi", "TmdbAppApi.csproj", "{CCF4340A-16DB-CED5-2641-7D595E8ED7B8}"
EndProject
Global
	GlobalSection(SolutionConfigurationPlatforms) = preSolution
		Debug|Any CPU = Debug|Any CPU
		Release|Any CPU = Release|Any CPU
	EndGlobalSection
	GlobalSection(ProjectConfigurationPlatforms) = postSolution
		{CCF4340A-16DB-CED5-2641-7D595E8ED7B8}.Debug|Any CPU.ActiveCfg = Debug|Any CPU
		{CCF4340A-16DB-CED5-2641-7D595E8ED7B8}.Debug|Any CPU.Build.0 = Debug|Any CPU
		{CCF4340A-16DB-CED5-2641-7D595E8ED7B8}.Release|Any CPU.ActiveCfg = Release|Any CPU
		{CCF4340A-16DB-CED5-2641-7D595E8ED7B8}.Release|Any CPU.Build.0 = Release|Any CPU
	EndGlobalSection
	GlobalSection(SolutionProperties) = preSolution
		HideSolutionNode = FALSE
	EndGlobalSection
	GlobalSection(ExtensibilityGlobals) = postSolution
		SolutionGuid = {8D389728-4F27-4253-8EFA-AC46309176D6}
	EndGlobalSection
EndGlobal
